
Microsoft Visual Studio Solution File, Format Version 12.00
# Visual Studio 15
VisualStudioVersion = 15.0.28307.271
MinimumVisualStudioVersion = 10.0.40219.1
Project("{FAE04EC0-301F-11D3-BF4B-00C04F79EFBC}") = "C7 New Features", "C7 New Features\C7 New Features.csproj", "{D931109B-099C-455B-A43F-F101769838EF}"
EndProject
Global
	GlobalSection(SolutionConfigurationPlatforms) = preSolution
		Debug|Any CPU = Debug|Any CPU
		Release|Any CPU = Release|Any CPU
	EndGlobalSection
	GlobalSection(ProjectConfigurationPlatforms) = postSolution
		{D931109B-099C-455B-A43F-F101769838EF}.Debug|Any CPU.ActiveCfg = Debug|Any CPU
		{D931109B-099C-455B-A43F-F101769838EF}.Debug|Any CPU.Build.0 = Debug|Any CPU
		{D931109B-099C-455B-A43F-F101769838EF}.Release|Any CPU.ActiveCfg = Release|Any CPU
		{D931109B-099C-455B-A43F-F101769838EF}.Release|Any CPU.Build.0 = Release|Any CPU
	EndGlobalSection
	GlobalSection(SolutionProperties) = preSolution
		HideSolutionNode = FALSE
	EndGlobalSection
	GlobalSection(ExtensibilityGlobals) = postSolution
		SolutionGuid = {59ECCF54-8E1D-4495-949A-64AC25295E62}
	EndGlobalSection
EndGlobal
